Microsoft Visual Studio Solution File, Format Version 11.00
# Visual Studio 2008

Project("{FF38A5F4-F48C-8CC6-D422-A6B212FF8547}") = "test_Project__", "Assembly-CSharp.csproj", "{2D8AABE8-477A-1ED5-D66B-7B6A313D45FD}"
EndProject
Project("{FF38A5F4-F48C-8CC6-D422-A6B212FF8547}") = "test_Project__", "Assembly-CSharp-Editor.csproj", "{D748F269-F9B1-7980-6DC2-8437280DB6B8}"
EndProject
Global
	GlobalSection(SolutionConfigurationPlatforms) = preSolution
		Debug|Any CPU = Debug|Any CPU
		Release|Any CPU = Release|Any CPU
	EndGlobalSection
	GlobalSection(ProjectConfigurationPlatforms) = postSolution
		{2D8AABE8-477A-1ED5-D66B-7B6A313D45FD}.Debug|Any CPU.ActiveCfg = Debug|Any CPU
		{2D8AABE8-477A-1ED5-D66B-7B6A313D45FD}.Debug|Any CPU.Build.0 = Debug|Any CPU
		{2D8AABE8-477A-1ED5-D66B-7B6A313D45FD}.Release|Any CPU.ActiveCfg = Release|Any CPU
		{2D8AABE8-477A-1ED5-D66B-7B6A313D45FD}.Release|Any CPU.Build.0 = Release|Any CPU
		{D748F269-F9B1-7980-6DC2-8437280DB6B8}.Debug|Any CPU.ActiveCfg = Debug|Any CPU
		{D748F269-F9B1-7980-6DC2-8437280DB6B8}.Debug|Any CPU.Build.0 = Debug|Any CPU
		{D748F269-F9B1-7980-6DC2-8437280DB6B8}.Release|Any CPU.ActiveCfg = Release|Any CPU
		{D748F269-F9B1-7980-6DC2-8437280DB6B8}.Release|Any CPU.Build.0 = Release|Any CPU
	EndGlobalSection
	GlobalSection(SolutionProperties) = preSolution
		HideSolutionNode = FALSE
	EndGlobalSection
	GlobalSection(MonoDevelopProperties) = preSolution
		StartupItem = Assembly-CSharp.csproj
	EndGlobalSection
EndGlobal
